
Microsoft Visual Studio Solution File, Format Version 12.00
# Visual Studio Version 17
VisualStudioVersion = 17.1.32328.378
MinimumVisualStudioVersion = 10.0.40219.1
Project("{FAE04EC0-301F-11D3-BF4B-00C04F79EFBC}") = "WebApi", "WebApi.csproj", "{BA1601D2-A532-495E-94F4-2AACDA12C556}"
EndProject
Global
	GlobalSection(SolutionConfigurationPlatforms) = preSolution
		Debug|Any CPU = Debug|Any CPU
		Release|Any CPU = Release|Any CPU
	EndGlobalSection
	GlobalSection(ProjectConfigurationPlatforms) = postSolution
		{BA1601D2-A532-495E-94F4-2AACDA12C556}.Debug|Any CPU.ActiveCfg = Debug|Any CPU
		{BA1601D2-A532-495E-94F4-2AACDA12C556}.Debug|Any CPU.Build.0 = Debug|Any CPU
		{BA1601D2-A532-495E-94F4-2AACDA12C556}.Release|Any CPU.ActiveCfg = Release|Any CPU
		{BA1601D2-A532-495E-94F4-2AACDA12C556}.Release|Any CPU.Build.0 = Release|Any CPU
	EndGlobalSection
	GlobalSection(SolutionProperties) = preSolution
		HideSolutionNode = FALSE
	EndGlobalSection
	GlobalSection(ExtensibilityGlobals) = postSolution
		SolutionGuid = {099A6FD3-9CFF-4756-8D44-988A0D265E9C}
	EndGlobalSection
EndGlobal
